// !$*UTF8*$!
{
	archiveVersion = 1;
	classes = {
	};
	objectVersion = 46;
	objects = {

/* Begin PBXBuildFile section */
		1D4F5DAE15AE81A500369131 /* SenTestingKit.framework in Frameworks */ = {isa = PBXBuildFile; fileRef = 1D4F5DAD15AE81A500369131 /* SenTestingKit.framework */; };
		1D4F5DAF15AE81A500369131 /* UIKit.framework in Frameworks */ = {isa = PBXBuildFile; fileRef = 1D4F5D9515AE81A500369131 /* UIKit.framework */; };
		1D4F5DB015AE81A500369131 /* Foundation.framework in Frameworks */ = {isa = PBXBuildFile; fileRef = 1D4F5D9715AE81A500369131 /* Foundation.framework */; };
		1D4F5DB815AE81A500369131 /* InfoPlist.strings in Resources */ = {isa = PBXBuildFile; fileRef = 1D4F5DB615AE81A500369131 /* InfoPlist.strings */; };
		1D4F5DBB15AE81A500369131 /* JSBarrierOperationQueueTests.m in Sources */ = {isa = PBXBuildFile; fileRef = 1D4F5DBA15AE81A500369131 /* JSBarrierOperationQueueTests.m */; };
		1D4F5DC715AE829F00369131 /* JSBarrierOperationQueue.m in Sources */ = {isa = PBXBuildFile; fileRef = 1D4F5DC615AE829F00369131 /* JSBarrierOperationQueue.m */; };
/* End PBXBuildFile section */

/* Begin PBXFileReference section */
		1D4F5D9515AE81A500369131 /* UIKit.framework */ = {isa = PBXFileReference; lastKnownFileType = wrapper.framework; name = UIKit.framework; path = System/Library/Frameworks/UIKit.framework; sourceTree = SDKROOT; };
		1D4F5D9715AE81A500369131 /* Foundation.framework */ = {isa = PBXFileReference; lastKnownFileType = wrapper.framework; name = Foundation.framework; path = System/Library/Frameworks/Foundation.framework; sourceTree = SDKROOT; };
		1D4F5D9915AE81A500369131 /* CoreGraphics.framework */ = {isa = PBXFileReference; lastKnownFileType = wrapper.framework; name = CoreGraphics.framework; path = System/Library/Frameworks/CoreGraphics.framework; sourceTree = SDKROOT; };
		1D4F5DA315AE81A500369131 /* JSBarrierOperationQueue-Prefix.pch */ = {isa = PBXFileReference; lastKnownFileType = sourcecode.c.h; path = "JSBarrierOperationQueue-Prefix.pch"; sourceTree = "<group>"; };
		1D4F5DAC15AE81A500369131 /* JSBarrierOperationQueueTests.octest */ = {isa = PBXFileReference; explicitFileType = wrapper.cfbundle; includeInIndex = 0; path = JSBarrierOperationQueueTests.octest; sourceTree = BUILT_PRODUCTS_DIR; };
		1D4F5DAD15AE81A500369131 /* SenTestingKit.framework */ = {isa = PBXFileReference; lastKnownFileType = wrapper.framework; name = SenTestingKit.framework; path = Library/Frameworks/SenTestingKit.framework; sourceTree = DEVELOPER_DIR; };
		1D4F5DB515AE81A500369131 /* JSBarrierOperationQueueTests-Info.plist */ = {isa = PBXFileReference; lastKnownFileType = text.plist.xml; path = "JSBarrierOperationQueueTests-Info.plist"; sourceTree = "<group>"; };
		1D4F5DB715AE81A500369131 /* en */ = {isa = PBXFileReference; lastKnownFileType = text.plist.strings; name = en; path = en.lproj/InfoPlist.strings; sourceTree = "<group>"; };
		1D4F5DBA15AE81A500369131 /* JSBarrierOperationQueueTests.m */ = {isa = PBXFileReference; lastKnownFileType = sourcecode.c.objc; path = JSBarrierOperationQueueTests.m; sourceTree = "<group>"; };
		1D4F5DC515AE829F00369131 /* JSBarrierOperationQueue.h */ = {isa = PBXFileReference; fileEncoding = 4; lastKnownFileType = sourcecode.c.h; path = JSBarrierOperationQueue.h; sourceTree = SOURCE_ROOT; };
		1D4F5DC615AE829F00369131 /* JSBarrierOperationQueue.m */ = {isa = PBXFileReference; fileEncoding = 4; lastKnownFileType = sourcecode.c.objc; path = JSBarrierOperationQueue.m; sourceTree = SOURCE_ROOT; };
/* End PBXFileReference section */

/* Begin PBXFrameworksBuildPhase section */
		1D4F5DA815AE81A500369131 /* Frameworks */ = {
			isa = PBXFrameworksBuildPhase;
			buildActionMask = 2147483647;
			files = (
				1D4F5DAE15AE81A500369131 /* SenTestingKit.framework in Frameworks */,
				1D4F5DAF15AE81A500369131 /* UIKit.framework in Frameworks */,
				1D4F5DB015AE81A500369131 /* Foundation.framework in Frameworks */,
			);
			runOnlyForDeploymentPostprocessing = 0;
		};
/* End PBXFrameworksBuildPhase section */

/* Begin PBXGroup section */
		1D4F5D8615AE81A400369131 = {
			isa = PBXGroup;
			children = (
				1D4F5D9B15AE81A500369131 /* JSBarrierOperationQueue */,
				1D4F5DB315AE81A500369131 /* JSBarrierOperationQueueTests */,
				1D4F5D9415AE81A500369131 /* Frameworks */,
				1D4F5D9215AE81A500369131 /* Products */,
			);
			sourceTree = "<group>";
		};
		1D4F5D9215AE81A500369131 /* Products */ = {
			isa = PBXGroup;
			children = (
				1D4F5DAC15AE81A500369131 /* JSBarrierOperationQueueTests.octest */,
			);
			name = Products;
			sourceTree = "<group>";
		};
		1D4F5D9415AE81A500369131 /* Frameworks */ = {
			isa = PBXGroup;
			children = (
				1D4F5D9515AE81A500369131 /* UIKit.framework */,
				1D4F5D9715AE81A500369131 /* Foundation.framework */,
				1D4F5D9915AE81A500369131 /* CoreGraphics.framework */,
				1D4F5DAD15AE81A500369131 /* SenTestingKit.framework */,
			);
			name = Frameworks;
			sourceTree = "<group>";
		};
		1D4F5D9B15AE81A500369131 /* JSBarrierOperationQueue */ = {
			isa = PBXGroup;
			children = (
				1D4F5DC415AE81E400369131 /* JSBarrierOperationQueue */,
				1D4F5D9C15AE81A500369131 /* Supporting Files */,
			);
			path = JSBarrierOperationQueue;
			sourceTree = "<group>";
		};
		1D4F5D9C15AE81A500369131 /* Supporting Files */ = {
			isa = PBXGroup;
			children = (
				1D4F5DA315AE81A500369131 /* JSBarrierOperationQueue-Prefix.pch */,
			);
			name = "Supporting Files";
			sourceTree = "<group>";
		};
		1D4F5DB315AE81A500369131 /* JSBarrierOperationQueueTests */ = {
			isa = PBXGroup;
			children = (
				1D4F5DBA15AE81A500369131 /* JSBarrierOperationQueueTests.m */,
				1D4F5DB415AE81A500369131 /* Supporting Files */,
			);
			path = JSBarrierOperationQueueTests;
			sourceTree = "<group>";
		};
		1D4F5DB415AE81A500369131 /* Supporting Files */ = {
			isa = PBXGroup;
			children = (
				1D4F5DB515AE81A500369131 /* JSBarrierOperationQueueTests-Info.plist */,
				1D4F5DB615AE81A500369131 /* InfoPlist.strings */,
			);
			name = "Supporting Files";
			sourceTree = "<group>";
		};
		1D4F5DC415AE81E400369131 /* JSBarrierOperationQueue */ = {
			isa = PBXGroup;
			children = (
				1D4F5DC515AE829F00369131 /* JSBarrierOperationQueue.h */,
				1D4F5DC615AE829F00369131 /* JSBarrierOperationQueue.m */,
			);
			name = JSBarrierOperationQueue;
			sourceTree = "<group>";
		};
/* End PBXGroup section */

/* Begin PBXNativeTarget section */
		1D4F5DAB15AE81A500369131 /* JSBarrierOperationQueueTests */ = {
			isa = PBXNativeTarget;
			buildConfigurationList = 1D4F5DC115AE81A500369131 /* Build configuration list for PBXNativeTarget "JSBarrierOperationQueueTests" */;
			buildPhases = (
				1D4F5DA715AE81A500369131 /* Sources */,
				1D4F5DA815AE81A500369131 /* Frameworks */,
				1D4F5DA915AE81A500369131 /* Resources */,
				1D4F5DAA15AE81A500369131 /* ShellScript */,
			);
			buildRules = (
			);
			dependencies = (
			);
			name = JSBarrierOperationQueueTests;
			productName = JSBarrierOperationQueueTests;
			productReference = 1D4F5DAC15AE81A500369131 /* JSBarrierOperationQueueTests.octest */;
			productType = "com.apple.product-type.bundle";
		};
/* End PBXNativeTarget section */

/* Begin PBXProject section */
		1D4F5D8815AE81A400369131 /* Project object */ = {
			isa = PBXProject;
			attributes = {
				CLASSPREFIX = JS;
				LastUpgradeCheck = 0440;
				ORGANIZATIONNAME = MindSnacks;
			};
			buildConfigurationList = 1D4F5D8B15AE81A400369131 /* Build configuration list for PBXProject "JSBarrierOperationQueue" */;
			compatibilityVersion = "Xcode 3.2";
			developmentRegion = English;
			hasScannedForEncodings = 0;
			knownRegions = (
				en,
			);
			mainGroup = 1D4F5D8615AE81A400369131;
			productRefGroup = 1D4F5D9215AE81A500369131 /* Products */;
			projectDirPath = "";
			projectRoot = "";
			targets = (
				1D4F5DAB15AE81A500369131 /* JSBarrierOperationQueueTests */,
			);
		};
/* End PBXProject section */

/* Begin PBXResourcesBuildPhase section */
		1D4F5DA915AE81A500369131 /* Resources */ = {
			isa = PBXResourcesBuildPhase;
			buildActionMask = 2147483647;
			files = (
				1D4F5DB815AE81A500369131 /* InfoPlist.strings in Resources */,
			);
			runOnlyForDeploymentPostprocessing = 0;
		};
/* End PBXResourcesBuildPhase section */

/* Begin PBXShellScriptBuildPhase section */
		1D4F5DAA15AE81A500369131 /* ShellScript */ = {
			isa = PBXShellScriptBuildPhase;
			buildActionMask = 2147483647;
			files = (
			);
			inputPaths = (
			);
			outputPaths = (
			);
			runOnlyForDeploymentPostprocessing = 0;
			shellPath = /bin/sh;
			shellScript = "# Run the unit tests in this test bundle.\n\"${SYSTEM_DEVELOPER_DIR}/Tools/RunUnitTests\"\n";
		};
/* End PBXShellScriptBuildPhase section */

/* Begin PBXSourcesBuildPhase section */
		1D4F5DA715AE81A500369131 /* Sources */ = {
			isa = PBXSourcesBuildPhase;
			buildActionMask = 2147483647;
			files = (
				1D4F5DBB15AE81A500369131 /* JSBarrierOperationQueueTests.m in Sources */,
				1D4F5DC715AE829F00369131 /* JSBarrierOperationQueue.m in Sources */,
			);
			runOnlyForDeploymentPostprocessing = 0;
		};
/* End PBXSourcesBuildPhase section */

/* Begin PBXVariantGroup section */
		1D4F5DB615AE81A500369131 /* InfoPlist.strings */ = {
			isa = PBXVariantGroup;
			children = (
				1D4F5DB715AE81A500369131 /* en */,
			);
			name = InfoPlist.strings;
			sourceTree = "<group>";
		};
/* End PBXVariantGroup section */

/* Begin XCBuildConfiguration section */
		1D4F5DBC15AE81A500369131 /* Debug */ = {
			isa = XCBuildConfiguration;
			buildSettings = {
				ALWAYS_SEARCH_USER_PATHS = NO;
				ARCHS = "$(ARCHS_STANDARD_32_BIT)";
				CLANG_ENABLE_OBJC_ARC = YES;
				CLANG_WARN__DUPLICATE_METHOD_MATCH = YES;
				"CODE_SIGN_IDENTITY[sdk=iphoneos*]" = "iPhone Developer";
				COPY_PHASE_STRIP = NO;
				GCC_C_LANGUAGE_STANDARD = gnu99;
				GCC_DYNAMIC_NO_PIC = NO;
				GCC_OPTIMIZATION_LEVEL = 0;
				GCC_PREPROCESSOR_DEFINITIONS = (
					"DEBUG=1",
					"$(inherited)",
				);
				GCC_SYMBOLS_PRIVATE_EXTERN = NO;
				GCC_VERSION = com.apple.compilers.llvm.clang.1_0;
				GCC_WARN_ABOUT_RETURN_TYPE = YES;
				GCC_WARN_UNINITIALIZED_AUTOS = YES;
				GCC_WARN_UNUSED_VARIABLE = YES;
				IPHONEOS_DEPLOYMENT_TARGET = 5.1;
				SDKROOT = iphoneos;
			};
			name = Debug;
		};
		1D4F5DBD15AE81A500369131 /* Release */ = {
			isa = XCBuildConfiguration;
			buildSettings = {
				ALWAYS_SEARCH_USER_PATHS = NO;
				ARCHS = "$(ARCHS_STANDARD_32_BIT)";
				CLANG_ENABLE_OBJC_ARC = YES;
				CLANG_WARN__DUPLICATE_METHOD_MATCH = YES;
				"CODE_SIGN_IDENTITY[sdk=iphoneos*]" = "iPhone Developer";
				COPY_PHASE_STRIP = YES;
				GCC_C_LANGUAGE_STANDARD = gnu99;
				GCC_VERSION = com.apple.compilers.llvm.clang.1_0;
				GCC_WARN_ABOUT_RETURN_TYPE = YES;
				GCC_WARN_UNINITIALIZED_AUTOS = YES;
				GCC_WARN_UNUSED_VARIABLE = YES;
				IPHONEOS_DEPLOYMENT_TARGET = 5.1;
				OTHER_CFLAGS = "-DNS_BLOCK_ASSERTIONS=1";
				SDKROOT = iphoneos;
				VALIDATE_PRODUCT = YES;
			};
			name = Release;
		};
		1D4F5DC215AE81A500369131 /* Debug */ = {
			isa = XCBuildConfiguration;
			buildSettings = {
				FRAMEWORK_SEARCH_PATHS = (
					"$(SDKROOT)/Developer/Library/Frameworks",
					"$(DEVELOPER_LIBRARY_DIR)/Frameworks",
				);
				GCC_PRECOMPILE_PREFIX_HEADER = YES;
				GCC_PREFIX_HEADER = "JSBarrierOperationQueue/JSBarrierOperationQueue-Prefix.pch";
				INFOPLIST_FILE = "JSBarrierOperationQueueTests/JSBarrierOperationQueueTests-Info.plist";
				PRODUCT_NAME = "$(TARGET_NAME)";
				TEST_AFTER_BUILD = YES;
				TEST_HOST = "$(BUNDLE_LOADER)";
				WRAPPER_EXTENSION = octest;
			};
			name = Debug;
		};
		1D4F5DC315AE81A500369131 /* Release */ = {
			isa = XCBuildConfiguration;
			buildSettings = {
				FRAMEWORK_SEARCH_PATHS = (
					"$(SDKROOT)/Developer/Library/Frameworks",
					"$(DEVELOPER_LIBRARY_DIR)/Frameworks",
				);
				GCC_PRECOMPILE_PREFIX_HEADER = YES;
				GCC_PREFIX_HEADER = "JSBarrierOperationQueue/JSBarrierOperationQueue-Prefix.pch";
				INFOPLIST_FILE = "JSBarrierOperationQueueTests/JSBarrierOperationQueueTests-Info.plist";
				PRODUCT_NAME = "$(TARGET_NAME)";
				TEST_AFTER_BUILD = YES;
				TEST_HOST = "$(BUNDLE_LOADER)";
				WRAPPER_EXTENSION = octest;
			};
			name = Release;
		};
/* End XCBuildConfiguration section */

/* Begin XCConfigurationList section */
		1D4F5D8B15AE81A400369131 /* Build configuration list for PBXProject "JSBarrierOperationQueue" */ = {
			isa = XCConfigurationList;
			buildConfigurations = (
				1D4F5DBC15AE81A500369131 /* Debug */,
				1D4F5DBD15AE81A500369131 /* Release */,
			);
			defaultConfigurationIsVisible = 0;
			defaultConfigurationName = Release;
		};
		1D4F5DC115AE81A500369131 /* Build configuration list for PBXNativeTarget "JSBarrierOperationQueueTests" */ = {
			isa = XCConfigurationList;
			buildConfigurations = (
				1D4F5DC215AE81A500369131 /* Debug */,
				1D4F5DC315AE81A500369131 /* Release */,
			);
			defaultConfigurationIsVisible = 0;
			defaultConfigurationName = Release;
		};
/* End XCConfigurationList section */
	};
	rootObject = 1D4F5D8815AE81A400369131 /* Project object */;
}
